
Microsoft Visual Studio Solution File, Format Version 12.00
# Visual Studio Version 17
VisualStudioVersion = 17.2.32630.192
MinimumVisualStudioVersion = 10.0.40219.1
Project("{FAE04EC0-301F-11D3-BF4B-00C04F79EFBC}") = "EntityDemo", "EntityDemo\EntityDemo.csproj", "{426EB99B-F393-4CA7-8BD6-09B33B834F81}"
EndProject
Global
	GlobalSection(SolutionConfigurationPlatforms) = preSolution
		Debug|Any CPU = Debug|Any CPU
		Release|Any CPU = Release|Any CPU
	EndGlobalSection
	GlobalSection(ProjectConfigurationPlatforms) = postSolution
		{426EB99B-F393-4CA7-8BD6-09B33B834F81}.Debug|Any CPU.ActiveCfg = Debug|Any CPU
		{426EB99B-F393-4CA7-8BD6-09B33B834F81}.Debug|Any CPU.Build.0 = Debug|Any CPU
		{426EB99B-F393-4CA7-8BD6-09B33B834F81}.Release|Any CPU.ActiveCfg = Release|Any CPU
		{426EB99B-F393-4CA7-8BD6-09B33B834F81}.Release|Any CPU.Build.0 = Release|Any CPU
	EndGlobalSection
	GlobalSection(SolutionProperties) = preSolution
		HideSolutionNode = FALSE
	EndGlobalSection
	GlobalSection(ExtensibilityGlobals) = postSolution
		SolutionGuid = {1A8F61AD-1BF4-4263-A1E7-555A845280F9}
	EndGlobalSection
EndGlobal
